PODS:
  - YoutubePlayer-in-WKWebView (0.3.4)

DEPENDENCIES:
  - YoutubePlayer-in-WKWebView (~> 0.3.4)

SPEC REPOS:
  trunk:
    - YoutubePlayer-in-WKWebView

SPEC CHECKSUMS:
  YoutubePlayer-in-WKWebView: af2f5929fc78882d94bfdfeea999b661b78d9717

PODFILE CHECKSUM: 6ffee1fe5a67e79a718d1fe5381a835db39646b2

COCOAPODS: 1.8.4
